
Microsoft Visual Studio Solution File, Format Version 12.00
# Visual Studio 15
Project("{FAE04EC0-301F-11D3-BF4B-00C04F79EFBC}") = "-Seminario", "-Seminario.csproj", "{E2299530-946D-21DA-C327-5D9976C4D0EA}"
EndProject
Project("{FAE04EC0-301F-11D3-BF4B-00C04F79EFBC}") = "-Seminario.Plugins", "-Seminario.Plugins.csproj", "{44E5CCB4-A3F6-39F9-5576-397CBBCEB854}"
EndProject
Project("{FAE04EC0-301F-11D3-BF4B-00C04F79EFBC}") = "-Seminario.Editor", "-Seminario.Editor.csproj", "{EC436A9C-D23C-BBF9-9F02-363EFFB30AFB}"
EndProject
Project("{FAE04EC0-301F-11D3-BF4B-00C04F79EFBC}") = "-Seminario.Editor.Plugins", "-Seminario.Editor.Plugins.csproj", "{6E4D155C-6C88-80D1-F0AA-4DE46A4F93CE}"
EndProject
Global
	GlobalSection(SolutionConfigurationPlatforms) = preSolution
		Debug|Any CPU = Debug|Any CPU
		Release|Any CPU = Release|Any CPU
	EndGlobalSection
	GlobalSection(ProjectConfigurationPlatforms) = postSolution
		{E2299530-946D-21DA-C327-5D9976C4D0EA}.Debug|Any CPU.ActiveCfg = Debug|Any CPU
		{E2299530-946D-21DA-C327-5D9976C4D0EA}.Debug|Any CPU.Build.0 = Debug|Any CPU
		{E2299530-946D-21DA-C327-5D9976C4D0EA}.Release|Any CPU.ActiveCfg = Release|Any CPU
		{E2299530-946D-21DA-C327-5D9976C4D0EA}.Release|Any CPU.Build.0 = Release|Any CPU
		{44E5CCB4-A3F6-39F9-5576-397CBBCEB854}.Debug|Any CPU.ActiveCfg = Debug|Any CPU
		{44E5CCB4-A3F6-39F9-5576-397CBBCEB854}.Debug|Any CPU.Build.0 = Debug|Any CPU
		{44E5CCB4-A3F6-39F9-5576-397CBBCEB854}.Release|Any CPU.ActiveCfg = Release|Any CPU
		{44E5CCB4-A3F6-39F9-5576-397CBBCEB854}.Release|Any CPU.Build.0 = Release|Any CPU
		{EC436A9C-D23C-BBF9-9F02-363EFFB30AFB}.Debug|Any CPU.ActiveCfg = Debug|Any CPU
		{EC436A9C-D23C-BBF9-9F02-363EFFB30AFB}.Debug|Any CPU.Build.0 = Debug|Any CPU
		{EC436A9C-D23C-BBF9-9F02-363EFFB30AFB}.Release|Any CPU.ActiveCfg = Release|Any CPU
		{EC436A9C-D23C-BBF9-9F02-363EFFB30AFB}.Release|Any CPU.Build.0 = Release|Any CPU
		{6E4D155C-6C88-80D1-F0AA-4DE46A4F93CE}.Debug|Any CPU.ActiveCfg = Debug|Any CPU
		{6E4D155C-6C88-80D1-F0AA-4DE46A4F93CE}.Debug|Any CPU.Build.0 = Debug|Any CPU
		{6E4D155C-6C88-80D1-F0AA-4DE46A4F93CE}.Release|Any CPU.ActiveCfg = Release|Any CPU
		{6E4D155C-6C88-80D1-F0AA-4DE46A4F93CE}.Release|Any CPU.Build.0 = Release|Any CPU
	EndGlobalSection
	GlobalSection(SolutionProperties) = preSolution
		HideSolutionNode = FALSE
	EndGlobalSection
EndGlobal
