
Microsoft Visual Studio Solution File, Format Version 12.00
# Visual Studio 15
Project("{FAE04EC0-301F-11D3-BF4B-00C04F79EFBC}") = "Seminario-master", "Seminario-master.csproj", "{ACA3BB39-9CF2-385A-A0DB-6A37DF61DF2B}"
EndProject
Project("{FAE04EC0-301F-11D3-BF4B-00C04F79EFBC}") = "Seminario-master.Plugins", "Seminario-master.Plugins.csproj", "{34163AE7-7E7F-F420-D18A-00D2E458BD37}"
EndProject
Project("{FAE04EC0-301F-11D3-BF4B-00C04F79EFBC}") = "Seminario-master.Editor", "Seminario-master.Editor.csproj", "{22A86615-1762-7630-0668-32084572D0A2}"
EndProject
Project("{FAE04EC0-301F-11D3-BF4B-00C04F79EFBC}") = "Seminario-master.Editor.Plugins", "Seminario-master.Editor.Plugins.csproj", "{B5B87867-E6F9-2176-C66D-F35669311471}"
EndProject
Global
	GlobalSection(SolutionConfigurationPlatforms) = preSolution
		Debug|Any CPU = Debug|Any CPU
		Release|Any CPU = Release|Any CPU
	EndGlobalSection
	GlobalSection(ProjectConfigurationPlatforms) = postSolution
		{ACA3BB39-9CF2-385A-A0DB-6A37DF61DF2B}.Debug|Any CPU.ActiveCfg = Debug|Any CPU
		{ACA3BB39-9CF2-385A-A0DB-6A37DF61DF2B}.Debug|Any CPU.Build.0 = Debug|Any CPU
		{ACA3BB39-9CF2-385A-A0DB-6A37DF61DF2B}.Release|Any CPU.ActiveCfg = Release|Any CPU
		{ACA3BB39-9CF2-385A-A0DB-6A37DF61DF2B}.Release|Any CPU.Build.0 = Release|Any CPU
		{34163AE7-7E7F-F420-D18A-00D2E458BD37}.Debug|Any CPU.ActiveCfg = Debug|Any CPU
		{34163AE7-7E7F-F420-D18A-00D2E458BD37}.Debug|Any CPU.Build.0 = Debug|Any CPU
		{34163AE7-7E7F-F420-D18A-00D2E458BD37}.Release|Any CPU.ActiveCfg = Release|Any CPU
		{34163AE7-7E7F-F420-D18A-00D2E458BD37}.Release|Any CPU.Build.0 = Release|Any CPU
		{22A86615-1762-7630-0668-32084572D0A2}.Debug|Any CPU.ActiveCfg = Debug|Any CPU
		{22A86615-1762-7630-0668-32084572D0A2}.Debug|Any CPU.Build.0 = Debug|Any CPU
		{22A86615-1762-7630-0668-32084572D0A2}.Release|Any CPU.ActiveCfg = Release|Any CPU
		{22A86615-1762-7630-0668-32084572D0A2}.Release|Any CPU.Build.0 = Release|Any CPU
		{B5B87867-E6F9-2176-C66D-F35669311471}.Debug|Any CPU.ActiveCfg = Debug|Any CPU
		{B5B87867-E6F9-2176-C66D-F35669311471}.Debug|Any CPU.Build.0 = Debug|Any CPU
		{B5B87867-E6F9-2176-C66D-F35669311471}.Release|Any CPU.ActiveCfg = Release|Any CPU
		{B5B87867-E6F9-2176-C66D-F35669311471}.Release|Any CPU.Build.0 = Release|Any CPU
	EndGlobalSection
	GlobalSection(SolutionProperties) = preSolution
		HideSolutionNode = FALSE
	EndGlobalSection
EndGlobal
