
Microsoft Visual Studio Solution File, Format Version 12.00
# Visual Studio 15
Project("{FAE04EC0-301F-11D3-BF4B-00C04F79EFBC}") = "Assembly-CSharp", "Assembly-CSharp.csproj", "{2F75D77C-6976-DDF2-DB85-6B5352EBF939}"
EndProject
Project("{FAE04EC0-301F-11D3-BF4B-00C04F79EFBC}") = "Assembly-CSharp-firstpass", "Assembly-CSharp-firstpass.csproj", "{B7931578-0729-383D-A6BB-2C21F04C7C0B}"
EndProject
Project("{FAE04EC0-301F-11D3-BF4B-00C04F79EFBC}") = "Assembly-CSharp-Editor", "Assembly-CSharp-Editor.csproj", "{C3DDC1A9-74B7-9215-5D0A-CE74E1D570ED}"
EndProject
Project("{FAE04EC0-301F-11D3-BF4B-00C04F79EFBC}") = "Assembly-CSharp-Editor-firstpass", "Assembly-CSharp-Editor-firstpass.csproj", "{7B8A0FCE-A6EA-ECCA-5D7C-6E609B171B26}"
EndProject
Global
	GlobalSection(SolutionConfigurationPlatforms) = preSolution
		Debug|Any CPU = Debug|Any CPU
		Release|Any CPU = Release|Any CPU
	EndGlobalSection
	GlobalSection(ProjectConfigurationPlatforms) = postSolution
		{2F75D77C-6976-DDF2-DB85-6B5352EBF939}.Debug|Any CPU.ActiveCfg = Debug|Any CPU
		{2F75D77C-6976-DDF2-DB85-6B5352EBF939}.Debug|Any CPU.Build.0 = Debug|Any CPU
		{2F75D77C-6976-DDF2-DB85-6B5352EBF939}.Release|Any CPU.ActiveCfg = Release|Any CPU
		{2F75D77C-6976-DDF2-DB85-6B5352EBF939}.Release|Any CPU.Build.0 = Release|Any CPU
		{B7931578-0729-383D-A6BB-2C21F04C7C0B}.Debug|Any CPU.ActiveCfg = Debug|Any CPU
		{B7931578-0729-383D-A6BB-2C21F04C7C0B}.Debug|Any CPU.Build.0 = Debug|Any CPU
		{B7931578-0729-383D-A6BB-2C21F04C7C0B}.Release|Any CPU.ActiveCfg = Release|Any CPU
		{B7931578-0729-383D-A6BB-2C21F04C7C0B}.Release|Any CPU.Build.0 = Release|Any CPU
		{C3DDC1A9-74B7-9215-5D0A-CE74E1D570ED}.Debug|Any CPU.ActiveCfg = Debug|Any CPU
		{C3DDC1A9-74B7-9215-5D0A-CE74E1D570ED}.Debug|Any CPU.Build.0 = Debug|Any CPU
		{C3DDC1A9-74B7-9215-5D0A-CE74E1D570ED}.Release|Any CPU.ActiveCfg = Release|Any CPU
		{C3DDC1A9-74B7-9215-5D0A-CE74E1D570ED}.Release|Any CPU.Build.0 = Release|Any CPU
		{7B8A0FCE-A6EA-ECCA-5D7C-6E609B171B26}.Debug|Any CPU.ActiveCfg = Debug|Any CPU
		{7B8A0FCE-A6EA-ECCA-5D7C-6E609B171B26}.Debug|Any CPU.Build.0 = Debug|Any CPU
		{7B8A0FCE-A6EA-ECCA-5D7C-6E609B171B26}.Release|Any CPU.ActiveCfg = Release|Any CPU
		{7B8A0FCE-A6EA-ECCA-5D7C-6E609B171B26}.Release|Any CPU.Build.0 = Release|Any CPU
	EndGlobalSection
	GlobalSection(SolutionProperties) = preSolution
		HideSolutionNode = FALSE
	EndGlobalSection
EndGlobal
